// !$*UTF8*$!
{
	archiveVersion = 1;
	classes = {
	};
	objectVersion = 77;
	objects = {

/* Begin PBXBuildFile section */
		084414345FA9E9BFAA7516EF /* AudioProcessManager.swift in Sources */ = {isa = PBXBuildFile; fileRef = 36C70FDB02B8C03F907909B4 /* AudioProcessManager.swift */; };
		14B4DA0988C16E1B87222C97 /* CleanMacVolumeApp.swift in Sources */ = {isa = PBXBuildFile; fileRef = 13DBE4342EADD30EEF1E9633 /* CleanMacVolumeApp.swift */; };
		2DD90C344DDBC8115F588434 /* AudioApp.swift in Sources */ = {isa = PBXBuildFile; fileRef = E937ACA3C2A1966A84372DFD /* AudioApp.swift */; };
		3B8379643E465A218437C6C0 /* AudioDeviceID+Extensions.swift in Sources */ = {isa = PBXBuildFile; fileRef = C8A88DA8CCB237CFC9C08FC0 /* AudioDeviceID+Extensions.swift */; };
		5932D055FD7ABCD9973CE2AF /* AudioProcessEnumerator.swift in Sources */ = {isa = PBXBuildFile; fileRef = A2BEF4417F246FFA354351AB /* AudioProcessEnumerator.swift */; };
		7C347DC0D691F69A4D764803 /* LaunchAtLogin.swift in Sources */ = {isa = PBXBuildFile; fileRef = 1410F905D2ADE24E78D1533B /* LaunchAtLogin.swift */; };
		A54D24E0E34DCE7CA19511BD /* ProcessTapController.swift in Sources */ = {isa = PBXBuildFile; fileRef = 276D7B7083AAAEDF96E5D14E /* ProcessTapController.swift */; };
		AB3A3FAF865C1368E252D22C /* VolumeState.swift in Sources */ = {isa = PBXBuildFile; fileRef = 6138B536EC981657ECD4D4EC /* VolumeState.swift */; };
		B4C1137E894737D5A7B1DF1C /* AudioTapManager.swift in Sources */ = {isa = PBXBuildFile; fileRef = 374D57A685ABA7607EF929BC /* AudioTapManager.swift */; };
		C13AFF2FB05C50B5598FD7ED /* DeviceVolume.swift in Sources */ = {isa = PBXBuildFile; fileRef = 7A7A0A5750537E69B8FCFC91 /* DeviceVolume.swift */; };
		C1B8A4B30DCAE22EFE446477 /* MixerView.swift in Sources */ = {isa = PBXBuildFile; fileRef = ED654FF80CEB2546E8113A8A /* MixerView.swift */; };
		E7188103A04FDD2E362258F9 /* AudioObjectID+Extensions.swift in Sources */ = {isa = PBXBuildFile; fileRef = 7594E5428885C44C9290E3E9 /* AudioObjectID+Extensions.swift */; };
/* End PBXBuildFile section */

/* Begin PBXFileReference section */
		13DBE4342EADD30EEF1E9633 /* CleanMacVolumeApp.swift */ = {isa = PBXFileReference; lastKnownFileType = sourcecode.swift; path = CleanMacVolumeApp.swift; sourceTree = "<group>"; };
		1410F905D2ADE24E78D1533B /* LaunchAtLogin.swift */ = {isa = PBXFileReference; lastKnownFileType = sourcecode.swift; path = LaunchAtLogin.swift; sourceTree = "<group>"; };
		1DD481FD90460DEC65DEAE63 /* MacVolumeCommunication.app */ = {isa = PBXFileReference; explicitFileType = wrapper.application; includeInIndex = 0; path = MacVolumeCommunication.app; sourceTree = BUILT_PRODUCTS_DIR; };
		276D7B7083AAAEDF96E5D14E /* ProcessTapController.swift */ = {isa = PBXFileReference; lastKnownFileType = sourcecode.swift; path = ProcessTapController.swift; sourceTree = "<group>"; };
		36C70FDB02B8C03F907909B4 /* AudioProcessManager.swift */ = {isa = PBXFileReference; lastKnownFileType = sourcecode.swift; path = AudioProcessManager.swift; sourceTree = "<group>"; };
		374D57A685ABA7607EF929BC /* AudioTapManager.swift */ = {isa = PBXFileReference; lastKnownFileType = sourcecode.swift; path = AudioTapManager.swift; sourceTree = "<group>"; };
		6138B536EC981657ECD4D4EC /* VolumeState.swift */ = {isa = PBXFileReference; lastKnownFileType = sourcecode.swift; path = VolumeState.swift; sourceTree = "<group>"; };
		7594E5428885C44C9290E3E9 /* AudioObjectID+Extensions.swift */ = {isa = PBXFileReference; lastKnownFileType = sourcecode.swift; path = "AudioObjectID+Extensions.swift"; sourceTree = "<group>"; };
		7A7A0A5750537E69B8FCFC91 /* DeviceVolume.swift */ = {isa = PBXFileReference; lastKnownFileType = sourcecode.swift; path = DeviceVolume.swift; sourceTree = "<group>"; };
		A2BEF4417F246FFA354351AB /* AudioProcessEnumerator.swift */ = {isa = PBXFileReference; lastKnownFileType = sourcecode.swift; path = AudioProcessEnumerator.swift; sourceTree = "<group>"; };
		C8A88DA8CCB237CFC9C08FC0 /* AudioDeviceID+Extensions.swift */ = {isa = PBXFileReference; lastKnownFileType = sourcecode.swift; path = "AudioDeviceID+Extensions.swift"; sourceTree = "<group>"; };
		E937ACA3C2A1966A84372DFD /* AudioApp.swift */ = {isa = PBXFileReference; lastKnownFileType = sourcecode.swift; path = AudioApp.swift; sourceTree = "<group>"; };
		ED654FF80CEB2546E8113A8A /* MixerView.swift */ = {isa = PBXFileReference; lastKnownFileType = sourcecode.swift; path = MixerView.swift; sourceTree = "<group>"; };
/* End PBXFileReference section */

/* Begin PBXGroup section */
		1BF677E2F5AF36D0415D7613 /* Sources */ = {
			isa = PBXGroup;
			children = (
				E937ACA3C2A1966A84372DFD /* AudioApp.swift */,
				A2BEF4417F246FFA354351AB /* AudioProcessEnumerator.swift */,
				36C70FDB02B8C03F907909B4 /* AudioProcessManager.swift */,
				374D57A685ABA7607EF929BC /* AudioTapManager.swift */,
				13DBE4342EADD30EEF1E9633 /* CleanMacVolumeApp.swift */,
				7A7A0A5750537E69B8FCFC91 /* DeviceVolume.swift */,
				1410F905D2ADE24E78D1533B /* LaunchAtLogin.swift */,
				ED654FF80CEB2546E8113A8A /* MixerView.swift */,
				276D7B7083AAAEDF96E5D14E /* ProcessTapController.swift */,
				6138B536EC981657ECD4D4EC /* VolumeState.swift */,
				72A7AF28EA8157698AF2CCCD /* Extensions */,
			);
			path = Sources;
			sourceTree = "<group>";
		};
		21E9B3538AAAB99A8E0FAC2F /* Products */ = {
			isa = PBXGroup;
			children = (
				1DD481FD90460DEC65DEAE63 /* MacVolumeCommunication.app */,
			);
			name = Products;
			sourceTree = "<group>";
		};
		72A7AF28EA8157698AF2CCCD /* Extensions */ = {
			isa = PBXGroup;
			children = (
				C8A88DA8CCB237CFC9C08FC0 /* AudioDeviceID+Extensions.swift */,
				7594E5428885C44C9290E3E9 /* AudioObjectID+Extensions.swift */,
			);
			path = Extensions;
			sourceTree = "<group>";
		};
		AB1E96490BD8A6C92F6F8E32 = {
			isa = PBXGroup;
			children = (
				1BF677E2F5AF36D0415D7613 /* Sources */,
				21E9B3538AAAB99A8E0FAC2F /* Products */,
			);
			sourceTree = "<group>";
		};
/* End PBXGroup section */

/* Begin PBXNativeTarget section */
		C03F21C62F506DB1752A74AC /* MacVolumeCommunication */ = {
			isa = PBXNativeTarget;
			buildConfigurationList = 8732E5445DECC632AAB5789B /* Build configuration list for PBXNativeTarget "MacVolumeCommunication" */;
			buildPhases = (
				7AB148DFC44B1AEBE91406F2 /* Sources */,
				BEB3A0987B1F5492C6467032 /* Copy AppIcon */,
			);
			buildRules = (
			);
			dependencies = (
			);
			name = MacVolumeCommunication;
			packageProductDependencies = (
			);
			productName = MacVolumeCommunication;
			productReference = 1DD481FD90460DEC65DEAE63 /* MacVolumeCommunication.app */;
			productType = "com.apple.product-type.application";
		};
/* End PBXNativeTarget section */

/* Begin PBXProject section */
		4D6A8B364DFCCE302C0E2239 /* Project object */ = {
			isa = PBXProject;
			attributes = {
				BuildIndependentTargetsInParallel = YES;
				LastUpgradeCheck = 1430;
				TargetAttributes = {
					C03F21C62F506DB1752A74AC = {
						ProvisioningStyle = Manual;
					};
				};
			};
			buildConfigurationList = 78F6B311D88AC4120994070F /* Build configuration list for PBXProject "MacVolumeCommunication" */;
			developmentRegion = en;
			hasScannedForEncodings = 0;
			knownRegions = (
				Base,
				en,
			);
			mainGroup = AB1E96490BD8A6C92F6F8E32;
			minimizedProjectReferenceProxies = 1;
			preferredProjectObjectVersion = 77;
			productRefGroup = 21E9B3538AAAB99A8E0FAC2F /* Products */;
			projectDirPath = "";
			projectRoot = "";
			targets = (
				C03F21C62F506DB1752A74AC /* MacVolumeCommunication */,
			);
		};
/* End PBXProject section */

/* Begin PBXShellScriptBuildPhase section */
		BEB3A0987B1F5492C6467032 /* Copy AppIcon */ = {
			isa = PBXShellScriptBuildPhase;
			buildActionMask = 2147483647;
			files = (
			);
			inputFileListPaths = (
			);
			inputPaths = (
			);
			name = "Copy AppIcon";
			outputFileListPaths = (
			);
			outputPaths = (
			);
			runOnlyForDeploymentPostprocessing = 0;
			shellPath = /bin/sh;
			shellScript = "mkdir -p \"${TARGET_BUILD_DIR}/${UNLOCALIZED_RESOURCES_FOLDER_PATH}\"\ncp \"${SRCROOT}/Resources/AppIcon.icns\" \"${TARGET_BUILD_DIR}/${UNLOCALIZED_RESOURCES_FOLDER_PATH}/AppIcon.icns\"\n";
		};
/* End PBXShellScriptBuildPhase section */

/* Begin PBXSourcesBuildPhase section */
		7AB148DFC44B1AEBE91406F2 /* Sources */ = {
			isa = PBXSourcesBuildPhase;
			buildActionMask = 2147483647;
			files = (
				2DD90C344DDBC8115F588434 /* AudioApp.swift in Sources */,
				3B8379643E465A218437C6C0 /* AudioDeviceID+Extensions.swift in Sources */,
				E7188103A04FDD2E362258F9 /* AudioObjectID+Extensions.swift in Sources */,
				5932D055FD7ABCD9973CE2AF /* AudioProcessEnumerator.swift in Sources */,
				084414345FA9E9BFAA7516EF /* AudioProcessManager.swift in Sources */,
				B4C1137E894737D5A7B1DF1C /* AudioTapManager.swift in Sources */,
				14B4DA0988C16E1B87222C97 /* CleanMacVolumeApp.swift in Sources */,
				C13AFF2FB05C50B5598FD7ED /* DeviceVolume.swift in Sources */,
				7C347DC0D691F69A4D764803 /* LaunchAtLogin.swift in Sources */,
				C1B8A4B30DCAE22EFE446477 /* MixerView.swift in Sources */,
				A54D24E0E34DCE7CA19511BD /* ProcessTapController.swift in Sources */,
				AB3A3FAF865C1368E252D22C /* VolumeState.swift in Sources */,
			);
			runOnlyForDeploymentPostprocessing = 0;
		};
/* End PBXSourcesBuildPhase section */

/* Begin XCBuildConfiguration section */
		099BBA2BC9C19DFBE19CD475 /* Release */ = {
			isa = XCBuildConfiguration;
			buildSettings = {
				CODE_SIGN_ENTITLEMENTS = MacVolumeCommunication.entitlements;
				CODE_SIGN_IDENTITY = "-";
				CODE_SIGN_STYLE = Manual;
				COMBINE_HIDPI_IMAGES = YES;
				CURRENT_PROJECT_VERSION = 1;
				ENABLE_HARDENED_RUNTIME = YES;
				GENERATE_INFOPLIST_FILE = NO;
				INFOPLIST_FILE = Info.plist;
				MACOSX_DEPLOYMENT_TARGET = 14.2;
				MARKETING_VERSION = 3.0;
				PRODUCT_BUNDLE_IDENTIFIER = com.ivandrew.macvolume.communication;
				PRODUCT_NAME = MacVolumeCommunication;
				SWIFT_STRICT_CONCURRENCY = minimal;
				SWIFT_VERSION = 5.9;
			};
			name = Release;
		};
		1BB83E65CA329EF7950820B8 /* Debug */ = {
			isa = XCBuildConfiguration;
			buildSettings = {
				CODE_SIGN_ENTITLEMENTS = MacVolumeCommunication.entitlements;
				CODE_SIGN_IDENTITY = "-";
				CODE_SIGN_STYLE = Manual;
				COMBINE_HIDPI_IMAGES = YES;
				CURRENT_PROJECT_VERSION = 1;
				ENABLE_HARDENED_RUNTIME = YES;
				GENERATE_INFOPLIST_FILE = NO;
				INFOPLIST_FILE = Info.plist;
				MACOSX_DEPLOYMENT_TARGET = 14.2;
				MARKETING_VERSION = 3.0;
				PRODUCT_BUNDLE_IDENTIFIER = com.ivandrew.macvolume.communication;
				PRODUCT_NAME = MacVolumeCommunication;
				SWIFT_STRICT_CONCURRENCY = minimal;
				SWIFT_VERSION = 5.9;
			};
			name = Debug;
		};
		5D72D92AAAB3E1FC54A79B54 /* Debug */ = {
			isa = XCBuildConfiguration;
			buildSettings = {
				MACOSX_DEPLOYMENT_TARGET = 14.2;
				SDKROOT = macosx;
			};
			name = Debug;
		};
		8BDB9145C4B2067937E3C0C9 /* Release */ = {
			isa = XCBuildConfiguration;
			buildSettings = {
				MACOSX_DEPLOYMENT_TARGET = 14.2;
				SDKROOT = macosx;
			};
			name = Release;
		};
/* End XCBuildConfiguration section */

/* Begin XCConfigurationList section */
		78F6B311D88AC4120994070F /* Build configuration list for PBXProject "MacVolumeCommunication" */ = {
			isa = XCConfigurationList;
			buildConfigurations = (
				5D72D92AAAB3E1FC54A79B54 /* Debug */,
				8BDB9145C4B2067937E3C0C9 /* Release */,
			);
			defaultConfigurationIsVisible = 0;
			defaultConfigurationName = Debug;
		};
		8732E5445DECC632AAB5789B /* Build configuration list for PBXNativeTarget "MacVolumeCommunication" */ = {
			isa = XCConfigurationList;
			buildConfigurations = (
				1BB83E65CA329EF7950820B8 /* Debug */,
				099BBA2BC9C19DFBE19CD475 /* Release */,
			);
			defaultConfigurationIsVisible = 0;
			defaultConfigurationName = Debug;
		};
/* End XCConfigurationList section */
	};
	rootObject = 4D6A8B364DFCCE302C0E2239 /* Project object */;
}
